// !$*UTF8*$!
{
	archiveVersion = 1;
	classes = {
	};
	objectVersion = 77;
	objects = {

/* Begin PBXContainerItemProxy section */
		6663620E2DCDCEC30058D750 /* PBXContainerItemProxy */ = {
			isa = PBXContainerItemProxy;
			containerPortal = 666361EF2DCDCEC20058D750 /* Project object */;
			proxyType = 1;
			remoteGlobalIDString = 666361F62DCDCEC20058D750;
			remoteInfo = "Quiz app";
		};
		666362182DCDCEC30058D750 /* PBXContainerItemProxy */ = {
			isa = PBXContainerItemProxy;
			containerPortal = 666361EF2DCDCEC20058D750 /* Project object */;
			proxyType = 1;
			remoteGlobalIDString = 666361F62DCDCEC20058D750;
			remoteInfo = "Quiz app";
		};
/* End PBXContainerItemProxy section */

/* Begin PBXFileReference section */
		666361F72DCDCEC20058D750 /* swift preps.app */ = {isa = PBXFileReference; explicitFileType = wrapper.application; includeInIndex = 0; path = "swift preps.app"; sourceTree = BUILT_PRODUCTS_DIR; };
		6663620D2DCDCEC30058D750 /* Quiz appTests.xctest */ = {isa = PBXFileReference; explicitFileType = wrapper.cfbundle; includeInIndex = 0; path = "Quiz appTests.xctest"; sourceTree = BUILT_PRODUCTS_DIR; };
		666362172DCDCEC30058D750 /* Quiz appUITests.xctest */ = {isa = PBXFileReference; explicitFileType = wrapper.cfbundle; includeInIndex = 0; path = "Quiz appUITests.xctest"; sourceTree = BUILT_PRODUCTS_DIR; };
/* End PBXFileReference section */

/* Begin PBXFileSystemSynchronizedBuildFileExceptionSet section */
		6663621F2DCDCEC30058D750 /* Exceptions for "Quiz app" folder in "swift preps" target */ = {
			isa = PBXFileSystemSynchronizedBuildFileExceptionSet;
			membershipExceptions = (
				Info.plist,
			);
			target = 666361F62DCDCEC20058D750 /* swift preps */;
		};
/* End PBXFileSystemSynchronizedBuildFileExceptionSet section */

/* Begin PBXFileSystemSynchronizedRootGroup section */
		666361F92DCDCEC20058D750 /* Quiz app */ = {
			isa = PBXFileSystemSynchronizedRootGroup;
			exceptions = (
				6663621F2DCDCEC30058D750 /* Exceptions for "Quiz app" folder in "swift preps" target */,
			);
			path = "Quiz app";
			sourceTree = "<group>";
		};
		666362102DCDCEC30058D750 /* Quiz appTests */ = {
			isa = PBXFileSystemSynchronizedRootGroup;
			path = "Quiz appTests";
			sourceTree = "<group>";
		};
		6663621A2DCDCEC30058D750 /* Quiz appUITests */ = {
			isa = PBXFileSystemSynchronizedRootGroup;
			path = "Quiz appUITests";
			sourceTree = "<group>";
		};
/* End PBXFileSystemSynchronizedRootGroup section */

/* Begin PBXFrameworksBuildPhase section */
		666361F42DCDCEC20058D750 /* Frameworks */ = {
			isa = PBXFrameworksBuildPhase;
			buildActionMask = 2147483647;
			files = (
			);
			runOnlyForDeploymentPostprocessing = 0;
		};
		6663620A2DCDCEC30058D750 /* Frameworks */ = {
			isa = PBXFrameworksBuildPhase;
			buildActionMask = 2147483647;
			files = (
			);
			runOnlyForDeploymentPostprocessing = 0;
		};
		666362142DCDCEC30058D750 /* Frameworks */ = {
			isa = PBXFrameworksBuildPhase;
			buildActionMask = 2147483647;
			files = (
			);
			runOnlyForDeploymentPostprocessing = 0;
		};
/* End PBXFrameworksBuildPhase section */

/* Begin PBXGroup section */
		666361EE2DCDCEC20058D750 = {
			isa = PBXGroup;
			children = (
				666361F92DCDCEC20058D750 /* Quiz app */,
				666362102DCDCEC30058D750 /* Quiz appTests */,
				6663621A2DCDCEC30058D750 /* Quiz appUITests */,
				666361F82DCDCEC20058D750 /* Products */,
			);
			sourceTree = "<group>";
		};
		666361F82DCDCEC20058D750 /* Products */ = {
			isa = PBXGroup;
			children = (
				666361F72DCDCEC20058D750 /* swift preps.app */,
				6663620D2DCDCEC30058D750 /* Quiz appTests.xctest */,
				666362172DCDCEC30058D750 /* Quiz appUITests.xctest */,
			);
			name = Products;
			sourceTree = "<group>";
		};
/* End PBXGroup section */

/* Begin PBXNativeTarget section */
		666361F62DCDCEC20058D750 /* swift preps */ = {
			isa = PBXNativeTarget;
			buildConfigurationList = 666362202DCDCEC30058D750 /* Build configuration list for PBXNativeTarget "swift preps" */;
			buildPhases = (
				666361F32DCDCEC20058D750 /* Sources */,
				666361F42DCDCEC20058D750 /* Frameworks */,
				666361F52DCDCEC20058D750 /* Resources */,
			);
			buildRules = (
			);
			dependencies = (
			);
			fileSystemSynchronizedGroups = (
				666361F92DCDCEC20058D750 /* Quiz app */,
			);
			name = "swift preps";
			packageProductDependencies = (
			);
			productName = "Quiz app";
			productReference = 666361F72DCDCEC20058D750 /* swift preps.app */;
			productType = "com.apple.product-type.application";
		};
		6663620C2DCDCEC30058D750 /* Quiz appTests */ = {
			isa = PBXNativeTarget;
			buildConfigurationList = 666362252DCDCEC30058D750 /* Build configuration list for PBXNativeTarget "Quiz appTests" */;
			buildPhases = (
				666362092DCDCEC30058D750 /* Sources */,
				6663620A2DCDCEC30058D750 /* Frameworks */,
				6663620B2DCDCEC30058D750 /* Resources */,
			);
			buildRules = (
			);
			dependencies = (
				6663620F2DCDCEC30058D750 /* PBXTargetDependency */,
			);
			fileSystemSynchronizedGroups = (
				666362102DCDCEC30058D750 /* Quiz appTests */,
			);
			name = "Quiz appTests";
			packageProductDependencies = (
			);
			productName = "Quiz appTests";
			productReference = 6663620D2DCDCEC30058D750 /* Quiz appTests.xctest */;
			productType = "com.apple.product-type.bundle.unit-test";
		};
		666362162DCDCEC30058D750 /* Quiz appUITests */ = {
			isa = PBXNativeTarget;
			buildConfigurationList = 666362282DCDCEC30058D750 /* Build configuration list for PBXNativeTarget "Quiz appUITests" */;
			buildPhases = (
				666362132DCDCEC30058D750 /* Sources */,
				666362142DCDCEC30058D750 /* Frameworks */,
				666362152DCDCEC30058D750 /* Resources */,
			);
			buildRules = (
			);
			dependencies = (
				666362192DCDCEC30058D750 /* PBXTargetDependency */,
			);
			fileSystemSynchronizedGroups = (
				6663621A2DCDCEC30058D750 /* Quiz appUITests */,
			);
			name = "Quiz appUITests";
			packageProductDependencies = (
			);
			productName = "Quiz appUITests";
			productReference = 666362172DCDCEC30058D750 /* Quiz appUITests.xctest */;
			productType = "com.apple.product-type.bundle.ui-testing";
		};
/* End PBXNativeTarget section */

/* Begin PBXProject section */
		666361EF2DCDCEC20058D750 /* Project object */ = {
			isa = PBXProject;
			attributes = {
				BuildIndependentTargetsInParallel = 1;
				LastSwiftUpdateCheck = 1630;
				LastUpgradeCheck = 1630;
				TargetAttributes = {
					666361F62DCDCEC20058D750 = {
						CreatedOnToolsVersion = 16.3;
					};
					6663620C2DCDCEC30058D750 = {
						CreatedOnToolsVersion = 16.3;
						TestTargetID = 666361F62DCDCEC20058D750;
					};
					666362162DCDCEC30058D750 = {
						CreatedOnToolsVersion = 16.3;
						TestTargetID = 666361F62DCDCEC20058D750;
					};
				};
			};
			buildConfigurationList = 666361F22DCDCEC20058D750 /* Build configuration list for PBXProject "Quiz app" */;
			developmentRegion = en;
			hasScannedForEncodings = 0;
			knownRegions = (
				en,
				Base,
			);
			mainGroup = 666361EE2DCDCEC20058D750;
			minimizedProjectReferenceProxies = 1;
			preferredProjectObjectVersion = 77;
			productRefGroup = 666361F82DCDCEC20058D750 /* Products */;
			projectDirPath = "";
			projectRoot = "";
			targets = (
				666361F62DCDCEC20058D750 /* swift preps */,
				6663620C2DCDCEC30058D750 /* Quiz appTests */,
				666362162DCDCEC30058D750 /* Quiz appUITests */,
			);
		};
/* End PBXProject section */

/* Begin PBXResourcesBuildPhase section */
		666361F52DCDCEC20058D750 /* Resources */ = {
			isa = PBXResourcesBuildPhase;
			buildActionMask = 2147483647;
			files = (
			);
			runOnlyForDeploymentPostprocessing = 0;
		};
		6663620B2DCDCEC30058D750 /* Resources */ = {
			isa = PBXResourcesBuildPhase;
			buildActionMask = 2147483647;
			files = (
			);
			runOnlyForDeploymentPostprocessing = 0;
		};
		666362152DCDCEC30058D750 /* Resources */ = {
			isa = PBXResourcesBuildPhase;
			buildActionMask = 2147483647;
			files = (
			);
			runOnlyForDeploymentPostprocessing = 0;
		};
/* End PBXResourcesBuildPhase section */

/* Begin PBXSourcesBuildPhase section */
		666361F32DCDCEC20058D750 /* Sources */ = {
			isa = PBXSourcesBuildPhase;
			buildActionMask = 2147483647;
			files = (
			);
			runOnlyForDeploymentPostprocessing = 0;
		};
		666362092DCDCEC30058D750 /* Sources */ = {
			isa = PBXSourcesBuildPhase;
			buildActionMask = 2147483647;
			files = (
			);
			runOnlyForDeploymentPostprocessing = 0;
		};
		666362132DCDCEC30058D750 /* Sources */ = {
			isa = PBXSourcesBuildPhase;
			buildActionMask = 2147483647;
			files = (
			);
			runOnlyForDeploymentPostprocessing = 0;
		};
/* End PBXSourcesBuildPhase section */

/* Begin PBXTargetDependency section */
		6663620F2DCDCEC30058D750 /* PBXTargetDependency */ = {
			isa = PBXTargetDependency;
			target = 666361F62DCDCEC20058D750 /* swift preps */;
			targetProxy = 6663620E2DCDCEC30058D750 /* PBXContainerItemProxy */;
		};
		666362192DCDCEC30058D750 /* PBXTargetDependency */ = {
			isa = PBXTargetDependency;
			target = 666361F62DCDCEC20058D750 /* swift preps */;
			targetProxy = 666362182DCDCEC30058D750 /* PBXContainerItemProxy */;
		};
/* End PBXTargetDependency section */

/* Begin XCBuildConfiguration section */
		666362212DCDCEC30058D750 /* Debug */ = {
			isa = XCBuildConfiguration;
			buildSettings = {
				ASSETCATALOG_COMPILER_APPICON_NAME = AppIcon;
				ASSETCATALOG_COMPILER_GLOBAL_ACCENT_COLOR_NAME = AccentColor;
				CODE_SIGN_STYLE = Automatic;
				CURRENT_PROJECT_VERSION = 1;
				DEVELOPMENT_TEAM = ZRZ3S4BU85;
				GENERATE_INFOPLIST_FILE = YES;
				INFOPLIST_FILE = "Quiz app/Info.plist";
				INFOPLIST_KEY_CFBundleDisplayName = "Swift preps";
				INFOPLIST_KEY_LSApplicationCategoryType = "public.app-category.education";
				INFOPLIST_KEY_UIApplicationSupportsIndirectInputEvents = YES;
				INFOPLIST_KEY_UILaunchStoryboardName = LaunchScreen;
				INFOPLIST_KEY_UIMainStoryboardFile = Main;
				INFOPLIST_KEY_UISupportedInterfaceOrientations_iPad = "UIInterfaceOrientationPortrait UIInterfaceOrientationPortraitUpsideDown UIInterfaceOrientationLandscapeLeft UIInterfaceOrientationLandscapeRight";
				INFOPLIST_KEY_UISupportedInterfaceOrientations_iPhone = "UIInterfaceOrientationPortrait UIInterfaceOrientationLandscapeLeft UIInterfaceOrientationLandscapeRight";
				IPHONEOS_DEPLOYMENT_TARGET = 15.6;
				LD_RUNPATH_SEARCH_PATHS = (
					"$(inherited)",
					"@executable_path/Frameworks",
				);
				MARKETING_VERSION = 1.0;
				PRODUCT_BUNDLE_IDENTIFIER = "com.shivappz.Quiz-app";
				PRODUCT_NAME = "$(TARGET_NAME)";
				SWIFT_EMIT_LOC_STRINGS = YES;
				SWIFT_VERSION = 5.0;
				TARGETED_DEVICE_FAMILY = "1,2";
			};
			name = Debug;
		};
		666362222DCDCEC30058D750 /* Release */ = {
			isa = XCBuildConfiguration;
			buildSettings = {
				ASSETCATALOG_COMPILER_APPICON_NAME = AppIcon;
				ASSETCATALOG_COMPILER_GLOBAL_ACCENT_COLOR_NAME = AccentColor;
				CODE_SIGN_STYLE = Automatic;
				CURRENT_PROJECT_VERSION = 1;
				DEVELOPMENT_TEAM = ZRZ3S4BU85;
				GENERATE_INFOPLIST_FILE = YES;
				INFOPLIST_FILE = "Quiz app/Info.plist";
				INFOPLIST_KEY_CFBundleDisplayName = "Swift preps";
				INFOPLIST_KEY_LSApplicationCategoryType = "public.app-category.education";
				INFOPLIST_KEY_UIApplicationSupportsIndirectInputEvents = YES;
				INFOPLIST_KEY_UILaunchStoryboardName = LaunchScreen;
				INFOPLIST_KEY_UIMainStoryboardFile = Main;
				INFOPLIST_KEY_UISupportedInterfaceOrientations_iPad = "UIInterfaceOrientationPortrait UIInterfaceOrientationPortraitUpsideDown UIInterfaceOrientationLandscapeLeft UIInterfaceOrientationLandscapeRight";
				INFOPLIST_KEY_UISupportedInterfaceOrientations_iPhone = "UIInterfaceOrientationPortrait UIInterfaceOrientationLandscapeLeft UIInterfaceOrientationLandscapeRight";
				IPHONEOS_DEPLOYMENT_TARGET = 15.6;
				LD_RUNPATH_SEARCH_PATHS = (
					"$(inherited)",
					"@executable_path/Frameworks",
				);
				MARKETING_VERSION = 1.0;
				PRODUCT_BUNDLE_IDENTIFIER = "com.shivappz.Quiz-app";
				PRODUCT_NAME = "$(TARGET_NAME)";
				SWIFT_EMIT_LOC_STRINGS = YES;
				SWIFT_VERSION = 5.0;
				TARGETED_DEVICE_FAMILY = "1,2";
			};
			name = Release;
		};
		666362232DCDCEC30058D750 /* Debug */ = {
			isa = XCBuildConfiguration;
			buildSettings = {
				ALWAYS_SEARCH_USER_PATHS = NO;
				ASSETCATALOG_COMPILER_GENERATE_SWIFT_ASSET_SYMBOL_EXTENSIONS = YES;
				CLANG_ANALYZER_NONNULL = YES;
				CLANG_ANALYZER_NUMBER_OBJECT_CONVERSION = YES_AGGRESSIVE;
				CLANG_CXX_LANGUAGE_STANDARD = "gnu++20";
				CLANG_ENABLE_MODULES = YES;
				CLANG_ENABLE_OBJC_ARC = YES;
				CLANG_ENABLE_OBJC_WEAK = YES;
				CLANG_WARN_BLOCK_CAPTURE_AUTORELEASING = YES;
				CLANG_WARN_BOOL_CONVERSION = YES;
				CLANG_WARN_COMMA = YES;
				CLANG_WARN_CONSTANT_CONVERSION = YES;
				CLANG_WARN_DEPRECATED_OBJC_IMPLEMENTATIONS = YES;
				CLANG_WARN_DIRECT_OBJC_ISA_USAGE = YES_ERROR;
				CLANG_WARN_DOCUMENTATION_COMMENTS = YES;
				CLANG_WARN_EMPTY_BODY = YES;
				CLANG_WARN_ENUM_CONVERSION = YES;
				CLANG_WARN_INFINITE_RECURSION = YES;
				CLANG_WARN_INT_CONVERSION = YES;
				CLANG_WARN_NON_LITERAL_NULL_CONVERSION = YES;
				CLANG_WARN_OBJC_IMPLICIT_RETAIN_SELF = YES;
				CLANG_WARN_OBJC_LITERAL_CONVERSION = YES;
				CLANG_WARN_OBJC_ROOT_CLASS = YES_ERROR;
				CLANG_WARN_QUOTED_INCLUDE_IN_FRAMEWORK_HEADER = YES;
				CLANG_WARN_RANGE_LOOP_ANALYSIS = YES;
				CLANG_WARN_STRICT_PROTOTYPES = YES;
				CLANG_WARN_SUSPICIOUS_MOVE = YES;
				CLANG_WARN_UNGUARDED_AVAILABILITY = YES_AGGRESSIVE;
				CLANG_WARN_UNREACHABLE_CODE = YES;
				CLANG_WARN__DUPLICATE_METHOD_MATCH = YES;
				COPY_PHASE_STRIP = NO;
				DEBUG_INFORMATION_FORMAT = dwarf;
				DEVELOPMENT_TEAM = ZRZ3S4BU85;
				ENABLE_STRICT_OBJC_MSGSEND = YES;
				ENABLE_TESTABILITY = YES;
				ENABLE_USER_SCRIPT_SANDBOXING = YES;
				GCC_C_LANGUAGE_STANDARD = gnu17;
				GCC_DYNAMIC_NO_PIC = NO;
				GCC_NO_COMMON_BLOCKS = YES;
				GCC_OPTIMIZATION_LEVEL = 0;
				GCC_PREPROCESSOR_DEFINITIONS = (
					"DEBUG=1",
					"$(inherited)",
				);
				GCC_WARN_64_TO_32_BIT_CONVERSION = YES;
				GCC_WARN_ABOUT_RETURN_TYPE = YES_ERROR;
				GCC_WARN_UNDECLARED_SELECTOR = YES;
				GCC_WARN_UNINITIALIZED_AUTOS = YES_AGGRESSIVE;
				GCC_WARN_UNUSED_FUNCTION = YES;
				GCC_WARN_UNUSED_VARIABLE = YES;
				IPHONEOS_DEPLOYMENT_TARGET = 18.4;
				LOCALIZATION_PREFERS_STRING_CATALOGS = YES;
				MTL_ENABLE_DEBUG_INFO = INCLUDE_SOURCE;
				MTL_FAST_MATH = YES;
				ONLY_ACTIVE_ARCH = YES;
				SDKROOT = iphoneos;
				SWIFT_ACTIVE_COMPILATION_CONDITIONS = "DEBUG $(inherited)";
				SWIFT_OPTIMIZATION_LEVEL = "-Onone";
			};
			name = Debug;
		};
		666362242DCDCEC30058D750 /* Release */ = {
			isa = XCBuildConfiguration;
			buildSettings = {
				ALWAYS_SEARCH_USER_PATHS = NO;
				ASSETCATALOG_COMPILER_GENERATE_SWIFT_ASSET_SYMBOL_EXTENSIONS = YES;
				CLANG_ANALYZER_NONNULL = YES;
				CLANG_ANALYZER_NUMBER_OBJECT_CONVERSION = YES_AGGRESSIVE;
				CLANG_CXX_LANGUAGE_STANDARD = "gnu++20";
				CLANG_ENABLE_MODULES = YES;
				CLANG_ENABLE_OBJC_ARC = YES;
				CLANG_ENABLE_OBJC_WEAK = YES;
				CLANG_WARN_BLOCK_CAPTURE_AUTORELEASING = YES;
				CLANG_WARN_BOOL_CONVERSION = YES;
				CLANG_WARN_COMMA = YES;
				CLANG_WARN_CONSTANT_CONVERSION = YES;
				CLANG_WARN_DEPRECATED_OBJC_IMPLEMENTATIONS = YES;
				CLANG_WARN_DIRECT_OBJC_ISA_USAGE = YES_ERROR;
				CLANG_WARN_DOCUMENTATION_COMMENTS = YES;
				CLANG_WARN_EMPTY_BODY = YES;
				CLANG_WARN_ENUM_CONVERSION = YES;
				CLANG_WARN_INFINITE_RECURSION = YES;
				CLANG_WARN_INT_CONVERSION = YES;
				CLANG_WARN_NON_LITERAL_NULL_CONVERSION = YES;
				CLANG_WARN_OBJC_IMPLICIT_RETAIN_SELF = YES;
				CLANG_WARN_OBJC_LITERAL_CONVERSION = YES;
				CLANG_WARN_OBJC_ROOT_CLASS = YES_ERROR;
				CLANG_WARN_QUOTED_INCLUDE_IN_FRAMEWORK_HEADER = YES;
				CLANG_WARN_RANGE_LOOP_ANALYSIS = YES;
				CLANG_WARN_STRICT_PROTOTYPES = YES;
				CLANG_WARN_SUSPICIOUS_MOVE = YES;
				CLANG_WARN_UNGUARDED_AVAILABILITY = YES_AGGRESSIVE;
				CLANG_WARN_UNREACHABLE_CODE = YES;
				CLANG_WARN__DUPLICATE_METHOD_MATCH = YES;
				COPY_PHASE_STRIP = NO;
				DEBUG_INFORMATION_FORMAT = "dwarf-with-dsym";
				DEVELOPMENT_TEAM = ZRZ3S4BU85;
				ENABLE_NS_ASSERTIONS = NO;
				ENABLE_STRICT_OBJC_MSGSEND = YES;
				ENABLE_USER_SCRIPT_SANDBOXING = YES;
				GCC_C_LANGUAGE_STANDARD = gnu17;
				GCC_NO_COMMON_BLOCKS = YES;
				GCC_WARN_64_TO_32_BIT_CONVERSION = YES;
				GCC_WARN_ABOUT_RETURN_TYPE = YES_ERROR;
				GCC_WARN_UNDECLARED_SELECTOR = YES;
				GCC_WARN_UNINITIALIZED_AUTOS = YES_AGGRESSIVE;
				GCC_WARN_UNUSED_FUNCTION = YES;
				GCC_WARN_UNUSED_VARIABLE = YES;
				IPHONEOS_DEPLOYMENT_TARGET = 18.4;
				LOCALIZATION_PREFERS_STRING_CATALOGS = YES;
				MTL_ENABLE_DEBUG_INFO = NO;
				MTL_FAST_MATH = YES;
				SDKROOT = iphoneos;
				SWIFT_COMPILATION_MODE = wholemodule;
				VALIDATE_PRODUCT = YES;
			};
			name = Release;
		};
		666362262DCDCEC30058D750 /* Debug */ = {
			isa = XCBuildConfiguration;
			buildSettings = {
				BUNDLE_LOADER = "$(TEST_HOST)";
				CODE_SIGN_STYLE = Automatic;
				CURRENT_PROJECT_VERSION = 1;
				DEVELOPMENT_TEAM = ZRZ3S4BU85;
				GENERATE_INFOPLIST_FILE = YES;
				IPHONEOS_DEPLOYMENT_TARGET = 18.4;
				MARKETING_VERSION = 1.0;
				PRODUCT_BUNDLE_IDENTIFIER = "com.shivappz.Quiz-appTests";
				PRODUCT_NAME = "$(TARGET_NAME)";
				SWIFT_EMIT_LOC_STRINGS = NO;
				SWIFT_VERSION = 5.0;
				TARGETED_DEVICE_FAMILY = "1,2";
				TEST_HOST = "$(BUILT_PRODUCTS_DIR)/Quiz app.app/$(BUNDLE_EXECUTABLE_FOLDER_PATH)/Quiz app";
			};
			name = Debug;
		};
		666362272DCDCEC30058D750 /* Release */ = {
			isa = XCBuildConfiguration;
			buildSettings = {
				BUNDLE_LOADER = "$(TEST_HOST)";
				CODE_SIGN_STYLE = Automatic;
				CURRENT_PROJECT_VERSION = 1;
				DEVELOPMENT_TEAM = ZRZ3S4BU85;
				GENERATE_INFOPLIST_FILE = YES;
				IPHONEOS_DEPLOYMENT_TARGET = 18.4;
				MARKETING_VERSION = 1.0;
				PRODUCT_BUNDLE_IDENTIFIER = "com.shivappz.Quiz-appTests";
				PRODUCT_NAME = "$(TARGET_NAME)";
				SWIFT_EMIT_LOC_STRINGS = NO;
				SWIFT_VERSION = 5.0;
				TARGETED_DEVICE_FAMILY = "1,2";
				TEST_HOST = "$(BUILT_PRODUCTS_DIR)/Quiz app.app/$(BUNDLE_EXECUTABLE_FOLDER_PATH)/Quiz app";
			};
			name = Release;
		};
		666362292DCDCEC30058D750 /* Debug */ = {
			isa = XCBuildConfiguration;
			buildSettings = {
				CODE_SIGN_STYLE = Automatic;
				CURRENT_PROJECT_VERSION = 1;
				DEVELOPMENT_TEAM = ZRZ3S4BU85;
				GENERATE_INFOPLIST_FILE = YES;
				MARKETING_VERSION = 1.0;
				PRODUCT_BUNDLE_IDENTIFIER = "com.shivappz.Quiz-appUITests";
				PRODUCT_NAME = "$(TARGET_NAME)";
				SWIFT_EMIT_LOC_STRINGS = NO;
				SWIFT_VERSION = 5.0;
				TARGETED_DEVICE_FAMILY = "1,2";
				TEST_TARGET_NAME = "Quiz app";
			};
			name = Debug;
		};
		6663622A2DCDCEC30058D750 /* Release */ = {
			isa = XCBuildConfiguration;
			buildSettings = {
				CODE_SIGN_STYLE = Automatic;
				CURRENT_PROJECT_VERSION = 1;
				DEVELOPMENT_TEAM = ZRZ3S4BU85;
				GENERATE_INFOPLIST_FILE = YES;
				MARKETING_VERSION = 1.0;
				PRODUCT_BUNDLE_IDENTIFIER = "com.shivappz.Quiz-appUITests";
				PRODUCT_NAME = "$(TARGET_NAME)";
				SWIFT_EMIT_LOC_STRINGS = NO;
				SWIFT_VERSION = 5.0;
				TARGETED_DEVICE_FAMILY = "1,2";
				TEST_TARGET_NAME = "Quiz app";
			};
			name = Release;
		};
/* End XCBuildConfiguration section */

/* Begin XCConfigurationList section */
		666361F22DCDCEC20058D750 /* Build configuration list for PBXProject "Quiz app" */ = {
			isa = XCConfigurationList;
			buildConfigurations = (
				666362232DCDCEC30058D750 /* Debug */,
				666362242DCDCEC30058D750 /* Release */,
			);
			defaultConfigurationIsVisible = 0;
			defaultConfigurationName = Release;
		};
		666362202DCDCEC30058D750 /* Build configuration list for PBXNativeTarget "swift preps" */ = {
			isa = XCConfigurationList;
			buildConfigurations = (
				666362212DCDCEC30058D750 /* Debug */,
				666362222DCDCEC30058D750 /* Release */,
			);
			defaultConfigurationIsVisible = 0;
			defaultConfigurationName = Release;
		};
		666362252DCDCEC30058D750 /* Build configuration list for PBXNativeTarget "Quiz appTests" */ = {
			isa = XCConfigurationList;
			buildConfigurations = (
				666362262DCDCEC30058D750 /* Debug */,
				666362272DCDCEC30058D750 /* Release */,
			);
			defaultConfigurationIsVisible = 0;
			defaultConfigurationName = Release;
		};
		666362282DCDCEC30058D750 /* Build configuration list for PBXNativeTarget "Quiz appUITests" */ = {
			isa = XCConfigurationList;
			buildConfigurations = (
				666362292DCDCEC30058D750 /* Debug */,
				6663622A2DCDCEC30058D750 /* Release */,
			);
			defaultConfigurationIsVisible = 0;
			defaultConfigurationName = Release;
		};
/* End XCConfigurationList section */
	};
	rootObject = 666361EF2DCDCEC20058D750 /* Project object */;
}
